
Microsoft Visual Studio Solution File, Format Version 12.00
# Visual Studio Version 16
VisualStudioVersion = 16.0.30011.22
MinimumVisualStudioVersion = 10.0.40219.1
Project("{FAE04EC0-301F-11D3-BF4B-00C04F79EFBC}") = "LoginPage", "LoginPage\LoginPage.csproj", "{9B4204BF-1816-4530-8353-540721DA37CB}"
EndProject
Global
	GlobalSection(SolutionConfigurationPlatforms) = preSolution
		Debug|Any CPU = Debug|Any CPU
		Release|Any CPU = Release|Any CPU
	EndGlobalSection
	GlobalSection(ProjectConfigurationPlatforms) = postSolution
		{9B4204BF-1816-4530-8353-540721DA37CB}.Debug|Any CPU.ActiveCfg = Debug|Any CPU
		{9B4204BF-1816-4530-8353-540721DA37CB}.Debug|Any CPU.Build.0 = Debug|Any CPU
		{9B4204BF-1816-4530-8353-540721DA37CB}.Release|Any CPU.ActiveCfg = Release|Any CPU
		{9B4204BF-1816-4530-8353-540721DA37CB}.Release|Any CPU.Build.0 = Release|Any CPU
	EndGlobalSection
	GlobalSection(SolutionProperties) = preSolution
		HideSolutionNode = FALSE
	EndGlobalSection
	GlobalSection(ExtensibilityGlobals) = postSolution
		SolutionGuid = {CC6986F6-DAC5-4002-BE31-8F58C44451B8}
	EndGlobalSection
EndGlobal
